
Microsoft Visual Studio Solution File, Format Version 12.00
# Visual Studio Version 17
VisualStudioVersion = 17.4.33403.182
MinimumVisualStudioVersion = 10.0.40219.1
Project("{FAE04EC0-301F-11D3-BF4B-00C04F79EFBC}") = "Desafio-TargetSistemas2", "Desafio-TargetSistemas2.csproj", "{4C597B26-C6F7-4C47-94E1-D7C4A133A9C4}"
EndProject
Global
	GlobalSection(SolutionConfigurationPlatforms) = preSolution
		Debug|Any CPU = Debug|Any CPU
		Release|Any CPU = Release|Any CPU
	EndGlobalSection
	GlobalSection(ProjectConfigurationPlatforms) = postSolution
		{4C597B26-C6F7-4C47-94E1-D7C4A133A9C4}.Debug|Any CPU.ActiveCfg = Debug|Any CPU
		{4C597B26-C6F7-4C47-94E1-D7C4A133A9C4}.Debug|Any CPU.Build.0 = Debug|Any CPU
		{4C597B26-C6F7-4C47-94E1-D7C4A133A9C4}.Release|Any CPU.ActiveCfg = Release|Any CPU
		{4C597B26-C6F7-4C47-94E1-D7C4A133A9C4}.Release|Any CPU.Build.0 = Release|Any CPU
	EndGlobalSection
	GlobalSection(SolutionProperties) = preSolution
		HideSolutionNode = FALSE
	EndGlobalSection
	GlobalSection(ExtensibilityGlobals) = postSolution
		SolutionGuid = {34910413-78D2-4E75-AF34-9A019859473D}
	EndGlobalSection
EndGlobal
